// !$*UTF8*$!
{
	archiveVersion = 1;
	classes = {
	};
	objectVersion = 46;
	objects = {

/* Begin PBXBuildFile section */
		DD0150DA1D277F27006D6AD9 /* IntroLvl2.sks in Resources */ = {isa = PBXBuildFile; fileRef = DD0150D91D277F27006D6AD9 /* IntroLvl2.sks */; };
		DD0493651D22C3C900B9D551 /* Assets.xcassets in Resources */ = {isa = PBXBuildFile; fileRef = DD0493641D22C3C900B9D551 /* Assets.xcassets */; };
		DD10020A1D22CE1A00715CA0 /* MenuScene.swift in Sources */ = {isa = PBXBuildFile; fileRef = DD1002091D22CE1A00715CA0 /* MenuScene.swift */; };
		DD10020C1D22CE2C00715CA0 /* MenuScene.sks in Resources */ = {isa = PBXBuildFile; fileRef = DD10020B1D22CE2C00715CA0 /* MenuScene.sks */; };
		DD131A0B1D39586E00BD7203 /* LevelCompleteScene.swift in Sources */ = {isa = PBXBuildFile; fileRef = DD131A0A1D39586E00BD7203 /* LevelCompleteScene.swift */; };
		DD1901D81D3D91100081F6BD /* IntroLvl1.swift in Sources */ = {isa = PBXBuildFile; fileRef = DD1901D71D3D91100081F6BD /* IntroLvl1.swift */; };
		DD1901DB1D3D91270081F6BD /* IntroLvl2.swift in Sources */ = {isa = PBXBuildFile; fileRef = DD1901DA1D3D91270081F6BD /* IntroLvl2.swift */; };
		DD1901DE1D3D91370081F6BD /* IntroLvl3.swift in Sources */ = {isa = PBXBuildFile; fileRef = DD1901DD1D3D91370081F6BD /* IntroLvl3.swift */; };
		DD1901E31D3D9A810081F6BD /* Checkpoint.swift in Sources */ = {isa = PBXBuildFile; fileRef = DD1901E21D3D9A810081F6BD /* Checkpoint.swift */; };
		DD1901E51D3D9E5B0081F6BD /* Character.swift in Sources */ = {isa = PBXBuildFile; fileRef = DD1901E41D3D9E5B0081F6BD /* Character.swift */; };
		DD2A702F1D22F7860058FC41 /* MSButtonNode.swift in Sources */ = {isa = PBXBuildFile; fileRef = DD2A702E1D22F7860058FC41 /* MSButtonNode.swift */; };
		DD50C8611D3D570B00E6790B /* IntroLvl3.sks in Resources */ = {isa = PBXBuildFile; fileRef = DD50C8601D3D570B00E6790B /* IntroLvl3.sks */; };
		DD8BBA1C1D3E8976006BEF76 /* LevelCompleteScene.sks in Resources */ = {isa = PBXBuildFile; fileRef = DD8BBA1B1D3E8976006BEF76 /* LevelCompleteScene.sks */; };
		DD8BBA231D3E941F006BEF76 /* Joystick.swift in Sources */ = {isa = PBXBuildFile; fileRef = DD8BBA221D3E941F006BEF76 /* Joystick.swift */; };
		DD8BBA251D3E9B09006BEF76 /* ChooseCharacterScene.swift in Sources */ = {isa = PBXBuildFile; fileRef = DD8BBA241D3E9B09006BEF76 /* ChooseCharacterScene.swift */; };
		DD8BBA271D3E9B18006BEF76 /* ChooseCharacterScene.sks in Resources */ = {isa = PBXBuildFile; fileRef = DD8BBA261D3E9B18006BEF76 /* ChooseCharacterScene.sks */; };
		DD8BBA2F1D3EA1AE006BEF76 /* Constants.swift in Sources */ = {isa = PBXBuildFile; fileRef = DD8BBA2E1D3EA1AE006BEF76 /* Constants.swift */; };
		DD8BBA321D3EA298006BEF76 /* MoveCharacter.swift in Sources */ = {isa = PBXBuildFile; fileRef = DD8BBA311D3EA298006BEF76 /* MoveCharacter.swift */; };
		DDB4DBCD1D3D63E200A113C0 /* IntroLvl1.sks in Resources */ = {isa = PBXBuildFile; fileRef = DDB4DBCC1D3D63E200A113C0 /* IntroLvl1.sks */; };
		DDC4793A1D3565670036E972 /* CGFloat+Extensions.swift in Sources */ = {isa = PBXBuildFile; fileRef = DDC4792E1D3565670036E972 /* CGFloat+Extensions.swift */; };
		DDC4793B1D3565670036E972 /* CGPoint+Extensions.swift in Sources */ = {isa = PBXBuildFile; fileRef = DDC4792F1D3565670036E972 /* CGPoint+Extensions.swift */; };
		DDC4793C1D3565670036E972 /* CGVector+Extensions.swift in Sources */ = {isa = PBXBuildFile; fileRef = DDC479301D3565670036E972 /* CGVector+Extensions.swift */; };
		DDC4793D1D3565670036E972 /* Int+Extensions.swift in Sources */ = {isa = PBXBuildFile; fileRef = DDC479311D3565670036E972 /* Int+Extensions.swift */; };
		DDC4793E1D3565670036E972 /* SKAction+Extensions.swift in Sources */ = {isa = PBXBuildFile; fileRef = DDC479321D3565670036E972 /* SKAction+Extensions.swift */; };
		DDC4793F1D3565670036E972 /* SKAction+SpecialEffects.swift in Sources */ = {isa = PBXBuildFile; fileRef = DDC479331D3565670036E972 /* SKAction+SpecialEffects.swift */; };
		DDC479401D3565670036E972 /* SKColor+Extensions.swift in Sources */ = {isa = PBXBuildFile; fileRef = DDC479341D3565670036E972 /* SKColor+Extensions.swift */; };
		DDC479411D3565670036E972 /* SKNode+Extensions.swift in Sources */ = {isa = PBXBuildFile; fileRef = DDC479351D3565670036E972 /* SKNode+Extensions.swift */; };
		DDC479421D3565670036E972 /* SKTAudio.swift in Sources */ = {isa = PBXBuildFile; fileRef = DDC479361D3565670036E972 /* SKTAudio.swift */; };
		DDC479431D3565670036E972 /* SKTEffects.swift in Sources */ = {isa = PBXBuildFile; fileRef = DDC479371D3565670036E972 /* SKTEffects.swift */; };
		DDC479441D3565670036E972 /* SKTTimingFunctions.swift in Sources */ = {isa = PBXBuildFile; fileRef = DDC479381D3565670036E972 /* SKTTimingFunctions.swift */; };
		DDC479451D3565670036E972 /* Vector3.swift in Sources */ = {isa = PBXBuildFile; fileRef = DDC479391D3565670036E972 /* Vector3.swift */; };
		DDF7E3601D206566005F9A49 /* AppDelegate.swift in Sources */ = {isa = PBXBuildFile; fileRef = DDF7E35F1D206566005F9A49 /* AppDelegate.swift */; };
		DDF7E3621D206566005F9A49 /* GameScene.sks in Resources */ = {isa = PBXBuildFile; fileRef = DDF7E3611D206566005F9A49 /* GameScene.sks */; };
		DDF7E3641D206566005F9A49 /* GameScene.swift in Sources */ = {isa = PBXBuildFile; fileRef = DDF7E3631D206566005F9A49 /* GameScene.swift */; };
		DDF7E3661D206566005F9A49 /* GameViewController.swift in Sources */ = {isa = PBXBuildFile; fileRef = DDF7E3651D206566005F9A49 /* GameViewController.swift */; };
		DDF7E3691D206566005F9A49 /* Main.storyboard in Resources */ = {isa = PBXBuildFile; fileRef = DDF7E3671D206566005F9A49 /* Main.storyboard */; };
		DDF7E36E1D206566005F9A49 /* LaunchScreen.storyboard in Resources */ = {isa = PBXBuildFile; fileRef = DDF7E36C1D206566005F9A49 /* LaunchScreen.storyboard */; };
		DDF7E3791D206566005F9A49 /* AruTests.swift in Sources */ = {isa = PBXBuildFile; fileRef = DDF7E3781D206566005F9A49 /* AruTests.swift */; };
		DDF7E3841D206566005F9A49 /* AruUITests.swift in Sources */ = {isa = PBXBuildFile; fileRef = DDF7E3831D206566005F9A49 /* AruUITests.swift */; };
/* End PBXBuildFile section */

/* Begin PBXContainerItemProxy section */
		DDF7E3751D206566005F9A49 /* PBXContainerItemProxy */ = {
			isa = PBXContainerItemProxy;
			containerPortal = DDF7E3541D206566005F9A49 /* Project object */;
			proxyType = 1;
			remoteGlobalIDString = DDF7E35B1D206566005F9A49;
			remoteInfo = Aru;
		};
		DDF7E3801D206566005F9A49 /* PBXContainerItemProxy */ = {
			isa = PBXContainerItemProxy;
			containerPortal = DDF7E3541D206566005F9A49 /* Project object */;
			proxyType = 1;
			remoteGlobalIDString = DDF7E35B1D206566005F9A49;
			remoteInfo = Aru;
		};
/* End PBXContainerItemProxy section */

/* Begin PBXFileReference section */
		DD0150D91D277F27006D6AD9 /* IntroLvl2.sks */ = {isa = PBXFileReference; lastKnownFileType = file.sks; path = IntroLvl2.sks; sourceTree = "<group>"; };
		DD0493641D22C3C900B9D551 /* Assets.xcassets */ = {isa = PBXFileReference; lastKnownFileType = folder.assetcatalog; path = Assets.xcassets; sourceTree = "<group>"; };
		DD1002091D22CE1A00715CA0 /* MenuScene.swift */ = {isa = PBXFileReference; fileEncoding = 4; lastKnownFileType = sourcecode.swift; path = MenuScene.swift; sourceTree = "<group>"; };
		DD10020B1D22CE2C00715CA0 /* MenuScene.sks */ = {isa = PBXFileReference; lastKnownFileType = file.sks; path = MenuScene.sks; sourceTree = "<group>"; };
		DD131A0A1D39586E00BD7203 /* LevelCompleteScene.swift */ = {isa = PBXFileReference; fileEncoding = 4; lastKnownFileType = sourcecode.swift; path = LevelCompleteScene.swift; sourceTree = "<group>"; };
		DD1901D71D3D91100081F6BD /* IntroLvl1.swift */ = {isa = PBXFileReference; fileEncoding = 4; lastKnownFileType = sourcecode.swift; path = IntroLvl1.swift; sourceTree = "<group>"; };
		DD1901DA1D3D91270081F6BD /* IntroLvl2.swift */ = {isa = PBXFileReference; fileEncoding = 4; lastKnownFileType = sourcecode.swift; path = IntroLvl2.swift; sourceTree = "<group>"; };
		DD1901DD1D3D91370081F6BD /* IntroLvl3.swift */ = {isa = PBXFileReference; fileEncoding = 4; lastKnownFileType = sourcecode.swift; path = IntroLvl3.swift; sourceTree = "<group>"; };
		DD1901E21D3D9A810081F6BD /* Checkpoint.swift */ = {isa = PBXFileReference; fileEncoding = 4; lastKnownFileType = sourcecode.swift; path = Checkpoint.swift; sourceTree = "<group>"; };
		DD1901E41D3D9E5B0081F6BD /* Character.swift */ = {isa = PBXFileReference; fileEncoding = 4; lastKnownFileType = sourcecode.swift; path = Character.swift; sourceTree = "<group>"; };
		DD2A702E1D22F7860058FC41 /* MSButtonNode.swift */ = {isa = PBXFileReference; fileEncoding = 4; lastKnownFileType = sourcecode.swift; path = MSButtonNode.swift; sourceTree = "<group>"; };
		DD50C8601D3D570B00E6790B /* IntroLvl3.sks */ = {isa = PBXFileReference; lastKnownFileType = file.sks; name = IntroLvl3.sks; path = ../IntroLvl3.sks; sourceTree = "<group>"; };
		DD8BBA1B1D3E8976006BEF76 /* LevelCompleteScene.sks */ = {isa = PBXFileReference; lastKnownFileType = file.sks; path = LevelCompleteScene.sks; sourceTree = "<group>"; };
		DD8BBA221D3E941F006BEF76 /* Joystick.swift */ = {isa = PBXFileReference; fileEncoding = 4; lastKnownFileType = sourcecode.swift; path = Joystick.swift; sourceTree = "<group>"; };
		DD8BBA241D3E9B09006BEF76 /* ChooseCharacterScene.swift */ = {isa = PBXFileReference; fileEncoding = 4; lastKnownFileType = sourcecode.swift; path = ChooseCharacterScene.swift; sourceTree = "<group>"; };
		DD8BBA261D3E9B18006BEF76 /* ChooseCharacterScene.sks */ = {isa = PBXFileReference; lastKnownFileType = file.sks; path = ChooseCharacterScene.sks; sourceTree = "<group>"; };
		DD8BBA2E1D3EA1AE006BEF76 /* Constants.swift */ = {isa = PBXFileReference; fileEncoding = 4; lastKnownFileType = sourcecode.swift; path = Constants.swift; sourceTree = "<group>"; };
		DD8BBA311D3EA298006BEF76 /* MoveCharacter.swift */ = {isa = PBXFileReference; fileEncoding = 4; lastKnownFileType = sourcecode.swift; path = MoveCharacter.swift; sourceTree = "<group>"; };
		DDB4DBCC1D3D63E200A113C0 /* IntroLvl1.sks */ = {isa = PBXFileReference; lastKnownFileType = file.sks; path = IntroLvl1.sks; sourceTree = "<group>"; };
		DDC4792E1D3565670036E972 /* CGFloat+Extensions.swift */ = {isa = PBXFileReference; fileEncoding = 4; lastKnownFileType = sourcecode.swift; path = "CGFloat+Extensions.swift"; sourceTree = "<group>"; };
		DDC4792F1D3565670036E972 /* CGPoint+Extensions.swift */ = {isa = PBXFileReference; fileEncoding = 4; lastKnownFileType = sourcecode.swift; path = "CGPoint+Extensions.swift"; sourceTree = "<group>"; };
		DDC479301D3565670036E972 /* CGVector+Extensions.swift */ = {isa = PBXFileReference; fileEncoding = 4; lastKnownFileType = sourcecode.swift; path = "CGVector+Extensions.swift"; sourceTree = "<group>"; };
		DDC479311D3565670036E972 /* Int+Extensions.swift */ = {isa = PBXFileReference; fileEncoding = 4; lastKnownFileType = sourcecode.swift; path = "Int+Extensions.swift"; sourceTree = "<group>"; };
		DDC479321D3565670036E972 /* SKAction+Extensions.swift */ = {isa = PBXFileReference; fileEncoding = 4; lastKnownFileType = sourcecode.swift; path = "SKAction+Extensions.swift"; sourceTree = "<group>"; };
		DDC479331D3565670036E972 /* SKAction+SpecialEffects.swift */ = {isa = PBXFileReference; fileEncoding = 4; lastKnownFileType = sourcecode.swift; path = "SKAction+SpecialEffects.swift"; sourceTree = "<group>"; };
		DDC479341D3565670036E972 /* SKColor+Extensions.swift */ = {isa = PBXFileReference; fileEncoding = 4; lastKnownFileType = sourcecode.swift; path = "SKColor+Extensions.swift"; sourceTree = "<group>"; };
		DDC479351D3565670036E972 /* SKNode+Extensions.swift */ = {isa = PBXFileReference; fileEncoding = 4; lastKnownFileType = sourcecode.swift; path = "SKNode+Extensions.swift"; sourceTree = "<group>"; };
		DDC479361D3565670036E972 /* SKTAudio.swift */ = {isa = PBXFileReference; fileEncoding = 4; lastKnownFileType = sourcecode.swift; path = SKTAudio.swift; sourceTree = "<group>"; };
		DDC479371D3565670036E972 /* SKTEffects.swift */ = {isa = PBXFileReference; fileEncoding = 4; lastKnownFileType = sourcecode.swift; path = SKTEffects.swift; sourceTree = "<group>"; };
		DDC479381D3565670036E972 /* SKTTimingFunctions.swift */ = {isa = PBXFileReference; fileEncoding = 4; lastKnownFileType = sourcecode.swift; path = SKTTimingFunctions.swift; sourceTree = "<group>"; };
		DDC479391D3565670036E972 /* Vector3.swift */ = {isa = PBXFileReference; fileEncoding = 4; lastKnownFileType = sourcecode.swift; path = Vector3.swift; sourceTree = "<group>"; };
		DDF7E35C1D206566005F9A49 /* Aru.app */ = {isa = PBXFileReference; explicitFileType = wrapper.application; includeInIndex = 0; path = Aru.app; sourceTree = BUILT_PRODUCTS_DIR; };
		DDF7E35F1D206566005F9A49 /* AppDelegate.swift */ = {isa = PBXFileReference; lastKnownFileType = sourcecode.swift; path = AppDelegate.swift; sourceTree = "<group>"; };
		DDF7E3611D206566005F9A49 /* GameScene.sks */ = {isa = PBXFileReference; lastKnownFileType = file.sks; path = GameScene.sks; sourceTree = "<group>"; };
		DDF7E3631D206566005F9A49 /* GameScene.swift */ = {isa = PBXFileReference; lastKnownFileType = sourcecode.swift; path = GameScene.swift; sourceTree = "<group>"; };
		DDF7E3651D206566005F9A49 /* GameViewController.swift */ = {isa = PBXFileReference; lastKnownFileType = sourcecode.swift; path = GameViewController.swift; sourceTree = "<group>"; };
		DDF7E3681D206566005F9A49 /* Base */ = {isa = PBXFileReference; lastKnownFileType = file.storyboard; name = Base; path = Base.lproj/Main.storyboard; sourceTree = "<group>"; };
		DDF7E36D1D206566005F9A49 /* Base */ = {isa = PBXFileReference; lastKnownFileType = file.storyboard; name = Base; path = Base.lproj/LaunchScreen.storyboard; sourceTree = "<group>"; };
		DDF7E36F1D206566005F9A49 /* Info.plist */ = {isa = PBXFileReference; lastKnownFileType = text.plist.xml; path = Info.plist; sourceTree = "<group>"; };
		DDF7E3741D206566005F9A49 /* AruTests.xctest */ = {isa = PBXFileReference; explicitFileType = wrapper.cfbundle; includeInIndex = 0; path = AruTests.xctest; sourceTree = BUILT_PRODUCTS_DIR; };
		DDF7E3781D206566005F9A49 /* AruTests.swift */ = {isa = PBXFileReference; lastKnownFileType = sourcecode.swift; path = AruTests.swift; sourceTree = "<group>"; };
		DDF7E37A1D206566005F9A49 /* Info.plist */ = {isa = PBXFileReference; lastKnownFileType = text.plist.xml; path = Info.plist; sourceTree = "<group>"; };
		DDF7E37F1D206566005F9A49 /* AruUITests.xctest */ = {isa = PBXFileReference; explicitFileType = wrapper.cfbundle; includeInIndex = 0; path = AruUITests.xctest; sourceTree = BUILT_PRODUCTS_DIR; };
		DDF7E3831D206566005F9A49 /* AruUITests.swift */ = {isa = PBXFileReference; lastKnownFileType = sourcecode.swift; path = AruUITests.swift; sourceTree = "<group>"; };
		DDF7E3851D206566005F9A49 /* Info.plist */ = {isa = PBXFileReference; lastKnownFileType = text.plist.xml; path = Info.plist; sourceTree = "<group>"; };
/* End PBXFileReference section */

/* Begin PBXFrameworksBuildPhase section */
		DDF7E3591D206566005F9A49 /* Frameworks */ = {
			isa = PBXFrameworksBuildPhase;
			buildActionMask = 2147483647;
			files = (
			);
			runOnlyForDeploymentPostprocessing = 0;
		};
		DDF7E3711D206566005F9A49 /* Frameworks */ = {
			isa = PBXFrameworksBuildPhase;
			buildActionMask = 2147483647;
			files = (
			);
			runOnlyForDeploymentPostprocessing = 0;
		};
		DDF7E37C1D206566005F9A49 /* Frameworks */ = {
			isa = PBXFrameworksBuildPhase;
			buildActionMask = 2147483647;
			files = (
			);
			runOnlyForDeploymentPostprocessing = 0;
		};
/* End PBXFrameworksBuildPhase section */

/* Begin PBXGroup section */
		DD04935F1D22BF8D00B9D551 /* Levels */ = {
			isa = PBXGroup;
			children = (
				DD1901D91D3D91140081F6BD /* IntroLvl1 */,
				DD1901DC1D3D912B0081F6BD /* IntroLvl2 */,
				DD1901DF1D3D913D0081F6BD /* IntroLvl3 */,
			);
			name = Levels;
			sourceTree = "<group>";
		};
		DD10020D1D22CECB00715CA0 /* Scenes */ = {
			isa = PBXGroup;
			children = (
				DD8BBA281D3E9B25006BEF76 /* ChooseCharacterScene */,
				DD8BBA1F1D3E898E006BEF76 /* GameScene */,
				DD8BBA1E1D3E8987006BEF76 /* MenuScene */,
				DD8BBA1D1D3E897D006BEF76 /* LevelCompleteScene */,
			);
			name = Scenes;
			sourceTree = "<group>";
		};
		DD1901D61D3D90DF0081F6BD /* Controls */ = {
			isa = PBXGroup;
			children = (
				DD8BBA221D3E941F006BEF76 /* Joystick.swift */,
			);
			name = Controls;
			sourceTree = "<group>";
		};
		DD1901D91D3D91140081F6BD /* IntroLvl1 */ = {
			isa = PBXGroup;
			children = (
				DDB4DBCC1D3D63E200A113C0 /* IntroLvl1.sks */,
				DD1901D71D3D91100081F6BD /* IntroLvl1.swift */,
			);
			name = IntroLvl1;
			sourceTree = "<group>";
		};
		DD1901DC1D3D912B0081F6BD /* IntroLvl2 */ = {
			isa = PBXGroup;
			children = (
				DD0150D91D277F27006D6AD9 /* IntroLvl2.sks */,
				DD1901DA1D3D91270081F6BD /* IntroLvl2.swift */,
			);
			name = IntroLvl2;
			sourceTree = "<group>";
		};
		DD1901DF1D3D913D0081F6BD /* IntroLvl3 */ = {
			isa = PBXGroup;
			children = (
				DD50C8601D3D570B00E6790B /* IntroLvl3.sks */,
				DD1901DD1D3D91370081F6BD /* IntroLvl3.swift */,
			);
			name = IntroLvl3;
			sourceTree = "<group>";
		};
		DD8BBA1D1D3E897D006BEF76 /* LevelCompleteScene */ = {
			isa = PBXGroup;
			children = (
				DD131A0A1D39586E00BD7203 /* LevelCompleteScene.swift */,
				DD8BBA1B1D3E8976006BEF76 /* LevelCompleteScene.sks */,
			);
			name = LevelCompleteScene;
			sourceTree = "<group>";
		};
		DD8BBA1E1D3E8987006BEF76 /* MenuScene */ = {
			isa = PBXGroup;
			children = (
				DD10020B1D22CE2C00715CA0 /* MenuScene.sks */,
				DD1002091D22CE1A00715CA0 /* MenuScene.swift */,
			);
			name = MenuScene;
			sourceTree = "<group>";
		};
		DD8BBA1F1D3E898E006BEF76 /* GameScene */ = {
			isa = PBXGroup;
			children = (
				DDF7E3611D206566005F9A49 /* GameScene.sks */,
				DDF7E3631D206566005F9A49 /* GameScene.swift */,
			);
			name = GameScene;
			sourceTree = "<group>";
		};
		DD8BBA281D3E9B25006BEF76 /* ChooseCharacterScene */ = {
			isa = PBXGroup;
			children = (
				DD8BBA241D3E9B09006BEF76 /* ChooseCharacterScene.swift */,
				DD8BBA261D3E9B18006BEF76 /* ChooseCharacterScene.sks */,
			);
			name = ChooseCharacterScene;
			sourceTree = "<group>";
		};
		DD8BBA2B1D3EA07E006BEF76 /* Functions */ = {
			isa = PBXGroup;
			children = (
				DD8BBA311D3EA298006BEF76 /* MoveCharacter.swift */,
			);
			name = Functions;
			sourceTree = "<group>";
		};
		DD8BBA301D3EA1B3006BEF76 /* Constants */ = {
			isa = PBXGroup;
			children = (
				DD8BBA2E1D3EA1AE006BEF76 /* Constants.swift */,
			);
			name = Constants;
			path = ..;
			sourceTree = "<group>";
		};
		DDB308E01D28ADE800FC1FD0 /* Sprites */ = {
			isa = PBXGroup;
			children = (
				DD1901E41D3D9E5B0081F6BD /* Character.swift */,
				DD1901E21D3D9A810081F6BD /* Checkpoint.swift */,
			);
			name = Sprites;
			sourceTree = "<group>";
		};
		DDC4792D1D3565670036E972 /* SKTUtils */ = {
			isa = PBXGroup;
			children = (
				DDC4792E1D3565670036E972 /* CGFloat+Extensions.swift */,
				DDC4792F1D3565670036E972 /* CGPoint+Extensions.swift */,
				DDC479301D3565670036E972 /* CGVector+Extensions.swift */,
				DDC479311D3565670036E972 /* Int+Extensions.swift */,
				DDC479321D3565670036E972 /* SKAction+Extensions.swift */,
				DDC479331D3565670036E972 /* SKAction+SpecialEffects.swift */,
				DDC479341D3565670036E972 /* SKColor+Extensions.swift */,
				DDC479351D3565670036E972 /* SKNode+Extensions.swift */,
				DDC479361D3565670036E972 /* SKTAudio.swift */,
				DDC479371D3565670036E972 /* SKTEffects.swift */,
				DDC479381D3565670036E972 /* SKTTimingFunctions.swift */,
				DDC479391D3565670036E972 /* Vector3.swift */,
			);
			path = SKTUtils;
			sourceTree = "<group>";
		};
		DDF7E3531D206566005F9A49 = {
			isa = PBXGroup;
			children = (
				DDF7E35E1D206566005F9A49 /* Aru */,
				DDF7E3771D206566005F9A49 /* AruTests */,
				DDF7E3821D206566005F9A49 /* AruUITests */,
				DDF7E35D1D206566005F9A49 /* Products */,
			);
			sourceTree = "<group>";
		};
		DDF7E35D1D206566005F9A49 /* Products */ = {
			isa = PBXGroup;
			children = (
				DDF7E35C1D206566005F9A49 /* Aru.app */,
				DDF7E3741D206566005F9A49 /* AruTests.xctest */,
				DDF7E37F1D206566005F9A49 /* AruUITests.xctest */,
			);
			name = Products;
			sourceTree = "<group>";
		};
		DDF7E35E1D206566005F9A49 /* Aru */ = {
			isa = PBXGroup;
			children = (
				DDF7E35F1D206566005F9A49 /* AppDelegate.swift */,
				DD2A702E1D22F7860058FC41 /* MSButtonNode.swift */,
				DD8BBA301D3EA1B3006BEF76 /* Constants */,
				DD8BBA2B1D3EA07E006BEF76 /* Functions */,
				DD1901D61D3D90DF0081F6BD /* Controls */,
				DDC4792D1D3565670036E972 /* SKTUtils */,
				DD10020D1D22CECB00715CA0 /* Scenes */,
				DDB308E01D28ADE800FC1FD0 /* Sprites */,
				DD04935F1D22BF8D00B9D551 /* Levels */,
				DDF7E3651D206566005F9A49 /* GameViewController.swift */,
				DDF7E3671D206566005F9A49 /* Main.storyboard */,
				DD0493641D22C3C900B9D551 /* Assets.xcassets */,
				DDF7E36C1D206566005F9A49 /* LaunchScreen.storyboard */,
				DDF7E36F1D206566005F9A49 /* Info.plist */,
			);
			path = Aru;
			sourceTree = "<group>";
		};
		DDF7E3771D206566005F9A49 /* AruTests */ = {
			isa = PBXGroup;
			children = (
				DDF7E3781D206566005F9A49 /* AruTests.swift */,
				DDF7E37A1D206566005F9A49 /* Info.plist */,
			);
			path = AruTests;
			sourceTree = "<group>";
		};
		DDF7E3821D206566005F9A49 /* AruUITests */ = {
			isa = PBXGroup;
			children = (
				DDF7E3831D206566005F9A49 /* AruUITests.swift */,
				DDF7E3851D206566005F9A49 /* Info.plist */,
			);
			path = AruUITests;
			sourceTree = "<group>";
		};
/* End PBXGroup section */

/* Begin PBXNativeTarget section */
		DDF7E35B1D206566005F9A49 /* Aru */ = {
			isa = PBXNativeTarget;
			buildConfigurationList = DDF7E3881D206566005F9A49 /* Build configuration list for PBXNativeTarget "Aru" */;
			buildPhases = (
				DDF7E3581D206566005F9A49 /* Sources */,
				DDF7E3591D206566005F9A49 /* Frameworks */,
				DDF7E35A1D206566005F9A49 /* Resources */,
			);
			buildRules = (
			);
			dependencies = (
			);
			name = Aru;
			productName = Aru;
			productReference = DDF7E35C1D206566005F9A49 /* Aru.app */;
			productType = "com.apple.product-type.application";
		};
		DDF7E3731D206566005F9A49 /* AruTests */ = {
			isa = PBXNativeTarget;
			buildConfigurationList = DDF7E38B1D206566005F9A49 /* Build configuration list for PBXNativeTarget "AruTests" */;
			buildPhases = (
				DDF7E3701D206566005F9A49 /* Sources */,
				DDF7E3711D206566005F9A49 /* Frameworks */,
				DDF7E3721D206566005F9A49 /* Resources */,
			);
			buildRules = (
			);
			dependencies = (
				DDF7E3761D206566005F9A49 /* PBXTargetDependency */,
			);
			name = AruTests;
			productName = AruTests;
			productReference = DDF7E3741D206566005F9A49 /* AruTests.xctest */;
			productType = "com.apple.product-type.bundle.unit-test";
		};
		DDF7E37E1D206566005F9A49 /* AruUITests */ = {
			isa = PBXNativeTarget;
			buildConfigurationList = DDF7E38E1D206566005F9A49 /* Build configuration list for PBXNativeTarget "AruUITests" */;
			buildPhases = (
				DDF7E37B1D206566005F9A49 /* Sources */,
				DDF7E37C1D206566005F9A49 /* Frameworks */,
				DDF7E37D1D206566005F9A49 /* Resources */,
			);
			buildRules = (
			);
			dependencies = (
				DDF7E3811D206566005F9A49 /* PBXTargetDependency */,
			);
			name = AruUITests;
			productName = AruUITests;
			productReference = DDF7E37F1D206566005F9A49 /* AruUITests.xctest */;
			productType = "com.apple.product-type.bundle.ui-testing";
		};
/* End PBXNativeTarget section */

/* Begin PBXProject section */
		DDF7E3541D206566005F9A49 /* Project object */ = {
			isa = PBXProject;
			attributes = {
				LastSwiftUpdateCheck = 0730;
				LastUpgradeCheck = 0730;
				ORGANIZATIONNAME = "Trevin Wisaksana";
				TargetAttributes = {
					DDF7E35B1D206566005F9A49 = {
						CreatedOnToolsVersion = 7.3.1;
						DevelopmentTeam = 6XBYN74RRN;
					};
					DDF7E3731D206566005F9A49 = {
						CreatedOnToolsVersion = 7.3.1;
						TestTargetID = DDF7E35B1D206566005F9A49;
					};
					DDF7E37E1D206566005F9A49 = {
						CreatedOnToolsVersion = 7.3.1;
						TestTargetID = DDF7E35B1D206566005F9A49;
					};
				};
			};
			buildConfigurationList = DDF7E3571D206566005F9A49 /* Build configuration list for PBXProject "Aru" */;
			compatibilityVersion = "Xcode 3.2";
			developmentRegion = English;
			hasScannedForEncodings = 0;
			knownRegions = (
				en,
				Base,
			);
			mainGroup = DDF7E3531D206566005F9A49;
			productRefGroup = DDF7E35D1D206566005F9A49 /* Products */;
			projectDirPath = "";
			projectRoot = "";
			targets = (
				DDF7E35B1D206566005F9A49 /* Aru */,
				DDF7E3731D206566005F9A49 /* AruTests */,
				DDF7E37E1D206566005F9A49 /* AruUITests */,
			);
		};
/* End PBXProject section */

/* Begin PBXResourcesBuildPhase section */
		DDF7E35A1D206566005F9A49 /* Resources */ = {
			isa = PBXResourcesBuildPhase;
			buildActionMask = 2147483647;
			files = (
				DD8BBA1C1D3E8976006BEF76 /* LevelCompleteScene.sks in Resources */,
				DD50C8611D3D570B00E6790B /* IntroLvl3.sks in Resources */,
				DDF7E3621D206566005F9A49 /* GameScene.sks in Resources */,
				DD10020C1D22CE2C00715CA0 /* MenuScene.sks in Resources */,
				DD0150DA1D277F27006D6AD9 /* IntroLvl2.sks in Resources */,
				DDF7E36E1D206566005F9A49 /* LaunchScreen.storyboard in Resources */,
				DDF7E3691D206566005F9A49 /* Main.storyboard in Resources */,
				DD8BBA271D3E9B18006BEF76 /* ChooseCharacterScene.sks in Resources */,
				DDB4DBCD1D3D63E200A113C0 /* IntroLvl1.sks in Resources */,
				DD0493651D22C3C900B9D551 /* Assets.xcassets in Resources */,
			);
			runOnlyForDeploymentPostprocessing = 0;
		};
		DDF7E3721D206566005F9A49 /* Resources */ = {
			isa = PBXResourcesBuildPhase;
			buildActionMask = 2147483647;
			files = (
			);
			runOnlyForDeploymentPostprocessing = 0;
		};
		DDF7E37D1D206566005F9A49 /* Resources */ = {
			isa = PBXResourcesBuildPhase;
			buildActionMask = 2147483647;
			files = (
			);
			runOnlyForDeploymentPostprocessing = 0;
		};
/* End PBXResourcesBuildPhase section */

/* Begin PBXSourcesBuildPhase section */
		DDF7E3581D206566005F9A49 /* Sources */ = {
			isa = PBXSourcesBuildPhase;
			buildActionMask = 2147483647;
			files = (
				DDC4793C1D3565670036E972 /* CGVector+Extensions.swift in Sources */,
				DDC479411D3565670036E972 /* SKNode+Extensions.swift in Sources */,
				DDF7E3641D206566005F9A49 /* GameScene.swift in Sources */,
				DD1901D81D3D91100081F6BD /* IntroLvl1.swift in Sources */,
				DD8BBA2F1D3EA1AE006BEF76 /* Constants.swift in Sources */,
				DDC4793E1D3565670036E972 /* SKAction+Extensions.swift in Sources */,
				DDF7E3661D206566005F9A49 /* GameViewController.swift in Sources */,
				DD2A702F1D22F7860058FC41 /* MSButtonNode.swift in Sources */,
				DDC4793B1D3565670036E972 /* CGPoint+Extensions.swift in Sources */,
				DD1901DB1D3D91270081F6BD /* IntroLvl2.swift in Sources */,
				DD1901E31D3D9A810081F6BD /* Checkpoint.swift in Sources */,
				DD8BBA231D3E941F006BEF76 /* Joystick.swift in Sources */,
				DD1901DE1D3D91370081F6BD /* IntroLvl3.swift in Sources */,
				DDC4793F1D3565670036E972 /* SKAction+SpecialEffects.swift in Sources */,
				DD10020A1D22CE1A00715CA0 /* MenuScene.swift in Sources */,
				DD1901E51D3D9E5B0081F6BD /* Character.swift in Sources */,
				DDC479441D3565670036E972 /* SKTTimingFunctions.swift in Sources */,
				DD8BBA321D3EA298006BEF76 /* MoveCharacter.swift in Sources */,
				DDC479401D3565670036E972 /* SKColor+Extensions.swift in Sources */,
				DD131A0B1D39586E00BD7203 /* LevelCompleteScene.swift in Sources */,
				DDC4793D1D3565670036E972 /* Int+Extensions.swift in Sources */,
				DDF7E3601D206566005F9A49 /* AppDelegate.swift in Sources */,
				DDC479421D3565670036E972 /* SKTAudio.swift in Sources */,
				DDC4793A1D3565670036E972 /* CGFloat+Extensions.swift in Sources */,
				DDC479431D3565670036E972 /* SKTEffects.swift in Sources */,
				DD8BBA251D3E9B09006BEF76 /* ChooseCharacterScene.swift in Sources */,
				DDC479451D3565670036E972 /* Vector3.swift in Sources */,
			);
			runOnlyForDeploymentPostprocessing = 0;
		};
		DDF7E3701D206566005F9A49 /* Sources */ = {
			isa = PBXSourcesBuildPhase;
			buildActionMask = 2147483647;
			files = (
				DDF7E3791D206566005F9A49 /* AruTests.swift in Sources */,
			);
			runOnlyForDeploymentPostprocessing = 0;
		};
		DDF7E37B1D206566005F9A49 /* Sources */ = {
			isa = PBXSourcesBuildPhase;
			buildActionMask = 2147483647;
			files = (
				DDF7E3841D206566005F9A49 /* AruUITests.swift in Sources */,
			);
			runOnlyForDeploymentPostprocessing = 0;
		};
/* End PBXSourcesBuildPhase section */

/* Begin PBXTargetDependency section */
		DDF7E3761D206566005F9A49 /* PBXTargetDependency */ = {
			isa = PBXTargetDependency;
			target = DDF7E35B1D206566005F9A49 /* Aru */;
			targetProxy = DDF7E3751D206566005F9A49 /* PBXContainerItemProxy */;
		};
		DDF7E3811D206566005F9A49 /* PBXTargetDependency */ = {
			isa = PBXTargetDependency;
			target = DDF7E35B1D206566005F9A49 /* Aru */;
			targetProxy = DDF7E3801D206566005F9A49 /* PBXContainerItemProxy */;
		};
/* End PBXTargetDependency section */

/* Begin PBXVariantGroup section */
		DDF7E3671D206566005F9A49 /* Main.storyboard */ = {
			isa = PBXVariantGroup;
			children = (
				DDF7E3681D206566005F9A49 /* Base */,
			);
			name = Main.storyboard;
			sourceTree = "<group>";
		};
		DDF7E36C1D206566005F9A49 /* LaunchScreen.storyboard */ = {
			isa = PBXVariantGroup;
			children = (
				DDF7E36D1D206566005F9A49 /* Base */,
			);
			name = LaunchScreen.storyboard;
			sourceTree = "<group>";
		};
/* End PBXVariantGroup section */

/* Begin XCBuildConfiguration section */
		DDF7E3861D206566005F9A49 /* Debug */ = {
			isa = XCBuildConfiguration;
			buildSettings = {
				ALWAYS_SEARCH_USER_PATHS = NO;
				CLANG_ANALYZER_NONNULL = YES;
				CLANG_CXX_LANGUAGE_STANDARD = "gnu++0x";
				CLANG_CXX_LIBRARY = "libc++";
				CLANG_ENABLE_MODULES = YES;
				CLANG_ENABLE_OBJC_ARC = YES;
				CLANG_WARN_BOOL_CONVERSION = YES;
				CLANG_WARN_CONSTANT_CONVERSION = YES;
				CLANG_WARN_DIRECT_OBJC_ISA_USAGE = YES_ERROR;
				CLANG_WARN_EMPTY_BODY = YES;
				CLANG_WARN_ENUM_CONVERSION = YES;
				CLANG_WARN_INT_CONVERSION = YES;
				CLANG_WARN_OBJC_ROOT_CLASS = YES_ERROR;
				CLANG_WARN_UNREACHABLE_CODE = YES;
				CLANG_WARN__DUPLICATE_METHOD_MATCH = YES;
				"CODE_SIGN_IDENTITY[sdk=iphoneos*]" = "iPhone Developer";
				COPY_PHASE_STRIP = NO;
				DEBUG_INFORMATION_FORMAT = "dwarf-with-dsym";
				ENABLE_STRICT_OBJC_MSGSEND = YES;
				ENABLE_TESTABILITY = YES;
				GCC_C_LANGUAGE_STANDARD = gnu99;
				GCC_DYNAMIC_NO_PIC = NO;
				GCC_NO_COMMON_BLOCKS = YES;
				GCC_OPTIMIZATION_LEVEL = 0;
				GCC_PREPROCESSOR_DEFINITIONS = (
					"DEBUG=1",
					"$(inherited)",
				);
				GCC_WARN_64_TO_32_BIT_CONVERSION = YES;
				GCC_WARN_ABOUT_RETURN_TYPE = YES_ERROR;
				GCC_WARN_UNDECLARED_SELECTOR = YES;
				GCC_WARN_UNINITIALIZED_AUTOS = YES_AGGRESSIVE;
				GCC_WARN_UNUSED_FUNCTION = YES;
				GCC_WARN_UNUSED_VARIABLE = YES;
				IPHONEOS_DEPLOYMENT_TARGET = 9.3;
				MTL_ENABLE_DEBUG_INFO = YES;
				ONLY_ACTIVE_ARCH = YES;
				SDKROOT = iphoneos;
				SWIFT_OPTIMIZATION_LEVEL = "-Onone";
			};
			name = Debug;
		};
		DDF7E3871D206566005F9A49 /* Release */ = {
			isa = XCBuildConfiguration;
			buildSettings = {
				ALWAYS_SEARCH_USER_PATHS = NO;
				CLANG_ANALYZER_NONNULL = YES;
				CLANG_CXX_LANGUAGE_STANDARD = "gnu++0x";
				CLANG_CXX_LIBRARY = "libc++";
				CLANG_ENABLE_MODULES = YES;
				CLANG_ENABLE_OBJC_ARC = YES;
				CLANG_WARN_BOOL_CONVERSION = YES;
				CLANG_WARN_CONSTANT_CONVERSION = YES;
				CLANG_WARN_DIRECT_OBJC_ISA_USAGE = YES_ERROR;
				CLANG_WARN_EMPTY_BODY = YES;
				CLANG_WARN_ENUM_CONVERSION = YES;
				CLANG_WARN_INT_CONVERSION = YES;
				CLANG_WARN_OBJC_ROOT_CLASS = YES_ERROR;
				CLANG_WARN_UNREACHABLE_CODE = YES;
				CLANG_WARN__DUPLICATE_METHOD_MATCH = YES;
				"CODE_SIGN_IDENTITY[sdk=iphoneos*]" = "iPhone Developer";
				COPY_PHASE_STRIP = NO;
				DEBUG_INFORMATION_FORMAT = "dwarf-with-dsym";
				ENABLE_NS_ASSERTIONS = NO;
				ENABLE_STRICT_OBJC_MSGSEND = YES;
				GCC_C_LANGUAGE_STANDARD = gnu99;
				GCC_NO_COMMON_BLOCKS = YES;
				GCC_WARN_64_TO_32_BIT_CONVERSION = YES;
				GCC_WARN_ABOUT_RETURN_TYPE = YES_ERROR;
				GCC_WARN_UNDECLARED_SELECTOR = YES;
				GCC_WARN_UNINITIALIZED_AUTOS = YES_AGGRESSIVE;
				GCC_WARN_UNUSED_FUNCTION = YES;
				GCC_WARN_UNUSED_VARIABLE = YES;
				IPHONEOS_DEPLOYMENT_TARGET = 9.3;
				MTL_ENABLE_DEBUG_INFO = NO;
				SDKROOT = iphoneos;
				VALIDATE_PRODUCT = YES;
			};
			name = Release;
		};
		DDF7E3891D206566005F9A49 /* Debug */ = {
			isa = XCBuildConfiguration;
			buildSettings = {
				ASSETCATALOG_COMPILER_APPICON_NAME = AppIcon;
				CODE_SIGN_IDENTITY = "iPhone Developer";
				"CODE_SIGN_IDENTITY[sdk=iphoneos*]" = "iPhone Developer";
				INFOPLIST_FILE = Aru/Info.plist;
				LD_RUNPATH_SEARCH_PATHS = "$(inherited) @executable_path/Frameworks";
				PRODUCT_BUNDLE_IDENTIFIER = com.trevinwisaksana.Aru;
				PRODUCT_NAME = "$(TARGET_NAME)";
				PROVISIONING_PROFILE = "";
			};
			name = Debug;
		};
		DDF7E38A1D206566005F9A49 /* Release */ = {
			isa = XCBuildConfiguration;
			buildSettings = {
				ASSETCATALOG_COMPILER_APPICON_NAME = AppIcon;
				CODE_SIGN_IDENTITY = "iPhone Developer";
				"CODE_SIGN_IDENTITY[sdk=iphoneos*]" = "iPhone Developer";
				INFOPLIST_FILE = Aru/Info.plist;
				LD_RUNPATH_SEARCH_PATHS = "$(inherited) @executable_path/Frameworks";
				PRODUCT_BUNDLE_IDENTIFIER = com.trevinwisaksana.Aru;
				PRODUCT_NAME = "$(TARGET_NAME)";
				PROVISIONING_PROFILE = "";
			};
			name = Release;
		};
		DDF7E38C1D206566005F9A49 /* Debug */ = {
			isa = XCBuildConfiguration;
			buildSettings = {
				BUNDLE_LOADER = "$(TEST_HOST)";
				DEBUG_INFORMATION_FORMAT = dwarf;
				INFOPLIST_FILE = AruTests/Info.plist;
				LD_RUNPATH_SEARCH_PATHS = "$(inherited) @executable_path/Frameworks @loader_path/Frameworks";
				PRODUCT_BUNDLE_IDENTIFIER = com.trevinwisaksana.AruTests;
				PRODUCT_NAME = "$(TARGET_NAME)";
				TEST_HOST = "$(BUILT_PRODUCTS_DIR)/Aru.app/Aru";
			};
			name = Debug;
		};
		DDF7E38D1D206566005F9A49 /* Release */ = {
			isa = XCBuildConfiguration;
			buildSettings = {
				BUNDLE_LOADER = "$(TEST_HOST)";
				INFOPLIST_FILE = AruTests/Info.plist;
				LD_RUNPATH_SEARCH_PATHS = "$(inherited) @executable_path/Frameworks @loader_path/Frameworks";
				PRODUCT_BUNDLE_IDENTIFIER = com.trevinwisaksana.AruTests;
				PRODUCT_NAME = "$(TARGET_NAME)";
				TEST_HOST = "$(BUILT_PRODUCTS_DIR)/Aru.app/Aru";
			};
			name = Release;
		};
		DDF7E38F1D206566005F9A49 /* Debug */ = {
			isa = XCBuildConfiguration;
			buildSettings = {
				DEBUG_INFORMATION_FORMAT = dwarf;
				INFOPLIST_FILE = AruUITests/Info.plist;
				LD_RUNPATH_SEARCH_PATHS = "$(inherited) @executable_path/Frameworks @loader_path/Frameworks";
				PRODUCT_BUNDLE_IDENTIFIER = com.trevinwisaksana.AruUITests;
				PRODUCT_NAME = "$(TARGET_NAME)";
				TEST_TARGET_NAME = Aru;
			};
			name = Debug;
		};
		DDF7E3901D206566005F9A49 /* Release */ = {
			isa = XCBuildConfiguration;
			buildSettings = {
				INFOPLIST_FILE = AruUITests/Info.plist;
				LD_RUNPATH_SEARCH_PATHS = "$(inherited) @executable_path/Frameworks @loader_path/Frameworks";
				PRODUCT_BUNDLE_IDENTIFIER = com.trevinwisaksana.AruUITests;
				PRODUCT_NAME = "$(TARGET_NAME)";
				TEST_TARGET_NAME = Aru;
			};
			name = Release;
		};
/* End XCBuildConfiguration section */

/* Begin XCConfigurationList section */
		DDF7E3571D206566005F9A49 /* Build configuration list for PBXProject "Aru" */ = {
			isa = XCConfigurationList;
			buildConfigurations = (
				DDF7E3861D206566005F9A49 /* Debug */,
				DDF7E3871D206566005F9A49 /* Release */,
			);
			defaultConfigurationIsVisible = 0;
			defaultConfigurationName = Release;
		};
		DDF7E3881D206566005F9A49 /* Build configuration list for PBXNativeTarget "Aru" */ = {
			isa = XCConfigurationList;
			buildConfigurations = (
				DDF7E3891D206566005F9A49 /* Debug */,
				DDF7E38A1D206566005F9A49 /* Release */,
			);
			defaultConfigurationIsVisible = 0;
			defaultConfigurationName = Release;
		};
		DDF7E38B1D206566005F9A49 /* Build configuration list for PBXNativeTarget "AruTests" */ = {
			isa = XCConfigurationList;
			buildConfigurations = (
				DDF7E38C1D206566005F9A49 /* Debug */,
				DDF7E38D1D206566005F9A49 /* Release */,
			);
			defaultConfigurationIsVisible = 0;
			defaultConfigurationName = Release;
		};
		DDF7E38E1D206566005F9A49 /* Build configuration list for PBXNativeTarget "AruUITests" */ = {
			isa = XCConfigurationList;
			buildConfigurations = (
				DDF7E38F1D206566005F9A49 /* Debug */,
				DDF7E3901D206566005F9A49 /* Release */,
			);
			defaultConfigurationIsVisible = 0;
			defaultConfigurationName = Release;
		};
/* End XCConfigurationList section */
	};
	rootObject = DDF7E3541D206566005F9A49 /* Project object */;
}
